// !$*UTF8*$!
{
	archiveVersion = 1;
	classes = {
	};
	objectVersion = 50;
	objects = {

/* Begin PBXBuildFile section */
		16066DDF21BA707400A201C5 /* YSWaveText.swift in Sources */ = {isa = PBXBuildFile; fileRef = 16066DDD21BA707400A201C5 /* YSWaveText.swift */; };
		16066DE021BA707400A201C5 /* YSWaveView.swift in Sources */ = {isa = PBXBuildFile; fileRef = 16066DDE21BA707400A201C5 /* YSWaveView.swift */; };
		162FB29F21B619C200CCC593 /* UIView.swift in Sources */ = {isa = PBXBuildFile; fileRef = 162FB29E21B619C200CCC593 /* UIView.swift */; };
		163062BB21BF9F4D003CC2C9 /* YSSpringAnimationController.swift in Sources */ = {isa = PBXBuildFile; fileRef = 163062BA21BF9F4D003CC2C9 /* YSSpringAnimationController.swift */; };
		16326B3821B7ADED002D35B1 /* YSWaveCurveController.swift in Sources */ = {isa = PBXBuildFile; fileRef = 16326B3721B7ADED002D35B1 /* YSWaveCurveController.swift */; };
		1632E62221B93762005884B2 /* YSCheckButtonController.swift in Sources */ = {isa = PBXBuildFile; fileRef = 1632E62121B93762005884B2 /* YSCheckButtonController.swift */; };
		1632E62421B93798005884B2 /* YSCheckButton.swift in Sources */ = {isa = PBXBuildFile; fileRef = 1632E62321B93798005884B2 /* YSCheckButton.swift */; };
		163EC01421C0A95C00DD8775 /* explosion_4.png in Resources */ = {isa = PBXBuildFile; fileRef = 163EC00F21C0A95C00DD8775 /* explosion_4.png */; };
		163EC01521C0A95C00DD8775 /* explosion_3.png in Resources */ = {isa = PBXBuildFile; fileRef = 163EC01021C0A95C00DD8775 /* explosion_3.png */; };
		163EC01621C0A95C00DD8775 /* explosion_1.png in Resources */ = {isa = PBXBuildFile; fileRef = 163EC01121C0A95C00DD8775 /* explosion_1.png */; };
		163EC01721C0A95C00DD8775 /* explosion_2.png in Resources */ = {isa = PBXBuildFile; fileRef = 163EC01221C0A95C00DD8775 /* explosion_2.png */; };
		163EC01821C0A95C00DD8775 /* explosion_5.png in Resources */ = {isa = PBXBuildFile; fileRef = 163EC01321C0A95C00DD8775 /* explosion_5.png */; };
		165401B721BE15CD00D46983 /* YSTagAnimationController.swift in Sources */ = {isa = PBXBuildFile; fileRef = 165401B621BE15CD00D46983 /* YSTagAnimationController.swift */; };
		165401B921BE166200D46983 /* YSSpringBall.swift in Sources */ = {isa = PBXBuildFile; fileRef = 165401B821BE166200D46983 /* YSSpringBall.swift */; };
		165401BD21BE691100D46983 /* YSSpringTag.swift in Sources */ = {isa = PBXBuildFile; fileRef = 165401BC21BE691100D46983 /* YSSpringTag.swift */; };
		165B8B3721B51A3500FE97EA /* AppDelegate.swift in Sources */ = {isa = PBXBuildFile; fileRef = 165B8B3621B51A3500FE97EA /* AppDelegate.swift */; };
		165B8B3921B51A3500FE97EA /* ViewController.swift in Sources */ = {isa = PBXBuildFile; fileRef = 165B8B3821B51A3500FE97EA /* ViewController.swift */; };
		165B8B3E21B51A3600FE97EA /* Assets.xcassets in Resources */ = {isa = PBXBuildFile; fileRef = 165B8B3D21B51A3600FE97EA /* Assets.xcassets */; };
		165B8B4121B51A3600FE97EA /* LaunchScreen.storyboard in Resources */ = {isa = PBXBuildFile; fileRef = 165B8B3F21B51A3600FE97EA /* LaunchScreen.storyboard */; };
		165B8B4C21B51A3600FE97EA /* AnimateDemosTests.swift in Sources */ = {isa = PBXBuildFile; fileRef = 165B8B4B21B51A3600FE97EA /* AnimateDemosTests.swift */; };
		165B8B5721B51A3600FE97EA /* AnimateDemosUITests.swift in Sources */ = {isa = PBXBuildFile; fileRef = 165B8B5621B51A3600FE97EA /* AnimateDemosUITests.swift */; };
		165B8B6621B528AF00FE97EA /* YSLoadingAnimation.swift in Sources */ = {isa = PBXBuildFile; fileRef = 165B8B6521B528AF00FE97EA /* YSLoadingAnimation.swift */; };
		165B8B6921B52CD800FE97EA /* YSLoading.swift in Sources */ = {isa = PBXBuildFile; fileRef = 165B8B6821B52CD800FE97EA /* YSLoading.swift */; };
/* End PBXBuildFile section */

/* Begin PBXContainerItemProxy section */
		165B8B4821B51A3600FE97EA /* PBXContainerItemProxy */ = {
			isa = PBXContainerItemProxy;
			containerPortal = 165B8B2B21B51A3500FE97EA /* Project object */;
			proxyType = 1;
			remoteGlobalIDString = 165B8B3221B51A3500FE97EA;
			remoteInfo = AnimateDemos;
		};
		165B8B5321B51A3600FE97EA /* PBXContainerItemProxy */ = {
			isa = PBXContainerItemProxy;
			containerPortal = 165B8B2B21B51A3500FE97EA /* Project object */;
			proxyType = 1;
			remoteGlobalIDString = 165B8B3221B51A3500FE97EA;
			remoteInfo = AnimateDemos;
		};
/* End PBXContainerItemProxy section */

/* Begin PBXFileReference section */
		16066DDD21BA707400A201C5 /* YSWaveText.swift */ = {isa = PBXFileReference; fileEncoding = 4; lastKnownFileType = sourcecode.swift; path = YSWaveText.swift; sourceTree = "<group>"; };
		16066DDE21BA707400A201C5 /* YSWaveView.swift */ = {isa = PBXFileReference; fileEncoding = 4; lastKnownFileType = sourcecode.swift; path = YSWaveView.swift; sourceTree = "<group>"; };
		162FB29E21B619C200CCC593 /* UIView.swift */ = {isa = PBXFileReference; fileEncoding = 4; lastKnownFileType = sourcecode.swift; path = UIView.swift; sourceTree = "<group>"; };
		163062BA21BF9F4D003CC2C9 /* YSSpringAnimationController.swift */ = {isa = PBXFileReference; fileEncoding = 4; lastKnownFileType = sourcecode.swift; path = YSSpringAnimationController.swift; sourceTree = "<group>"; };
		16326B2E21B76B96002D35B1 /* AnimateDemos-Bridging-Header.h */ = {isa = PBXFileReference; lastKnownFileType = sourcecode.c.h; path = "AnimateDemos-Bridging-Header.h"; sourceTree = "<group>"; };
		16326B3721B7ADED002D35B1 /* YSWaveCurveController.swift */ = {isa = PBXFileReference; fileEncoding = 4; lastKnownFileType = sourcecode.swift; path = YSWaveCurveController.swift; sourceTree = "<group>"; };
		1632E62121B93762005884B2 /* YSCheckButtonController.swift */ = {isa = PBXFileReference; lastKnownFileType = sourcecode.swift; path = YSCheckButtonController.swift; sourceTree = "<group>"; };
		1632E62321B93798005884B2 /* YSCheckButton.swift */ = {isa = PBXFileReference; lastKnownFileType = sourcecode.swift; path = YSCheckButton.swift; sourceTree = "<group>"; };
		163EC00F21C0A95C00DD8775 /* explosion_4.png */ = {isa = PBXFileReference; lastKnownFileType = image.png; path = explosion_4.png; sourceTree = "<group>"; };
		163EC01021C0A95C00DD8775 /* explosion_3.png */ = {isa = PBXFileReference; lastKnownFileType = image.png; path = explosion_3.png; sourceTree = "<group>"; };
		163EC01121C0A95C00DD8775 /* explosion_1.png */ = {isa = PBXFileReference; lastKnownFileType = image.png; path = explosion_1.png; sourceTree = "<group>"; };
		163EC01221C0A95C00DD8775 /* explosion_2.png */ = {isa = PBXFileReference; lastKnownFileType = image.png; path = explosion_2.png; sourceTree = "<group>"; };
		163EC01321C0A95C00DD8775 /* explosion_5.png */ = {isa = PBXFileReference; lastKnownFileType = image.png; path = explosion_5.png; sourceTree = "<group>"; };
		165401B621BE15CD00D46983 /* YSTagAnimationController.swift */ = {isa = PBXFileReference; lastKnownFileType = sourcecode.swift; path = YSTagAnimationController.swift; sourceTree = "<group>"; };
		165401B821BE166200D46983 /* YSSpringBall.swift */ = {isa = PBXFileReference; lastKnownFileType = sourcecode.swift; path = YSSpringBall.swift; sourceTree = "<group>"; };
		165401BC21BE691100D46983 /* YSSpringTag.swift */ = {isa = PBXFileReference; lastKnownFileType = sourcecode.swift; path = YSSpringTag.swift; sourceTree = "<group>"; };
		165B8B3321B51A3500FE97EA /* AnimateDemos.app */ = {isa = PBXFileReference; explicitFileType = wrapper.application; includeInIndex = 0; path = AnimateDemos.app; sourceTree = BUILT_PRODUCTS_DIR; };
		165B8B3621B51A3500FE97EA /* AppDelegate.swift */ = {isa = PBXFileReference; lastKnownFileType = sourcecode.swift; path = AppDelegate.swift; sourceTree = "<group>"; };
		165B8B3821B51A3500FE97EA /* ViewController.swift */ = {isa = PBXFileReference; lastKnownFileType = sourcecode.swift; path = ViewController.swift; sourceTree = "<group>"; };
		165B8B3D21B51A3600FE97EA /* Assets.xcassets */ = {isa = PBXFileReference; lastKnownFileType = folder.assetcatalog; path = Assets.xcassets; sourceTree = "<group>"; };
		165B8B4021B51A3600FE97EA /* Base */ = {isa = PBXFileReference; lastKnownFileType = file.storyboard; name = Base; path = Base.lproj/LaunchScreen.storyboard; sourceTree = "<group>"; };
		165B8B4221B51A3600FE97EA /* Info.plist */ = {isa = PBXFileReference; lastKnownFileType = text.plist.xml; path = Info.plist; sourceTree = "<group>"; };
		165B8B4721B51A3600FE97EA /* AnimateDemosTests.xctest */ = {isa = PBXFileReference; explicitFileType = wrapper.cfbundle; includeInIndex = 0; path = AnimateDemosTests.xctest; sourceTree = BUILT_PRODUCTS_DIR; };
		165B8B4B21B51A3600FE97EA /* AnimateDemosTests.swift */ = {isa = PBXFileReference; lastKnownFileType = sourcecode.swift; path = AnimateDemosTests.swift; sourceTree = "<group>"; };
		165B8B4D21B51A3600FE97EA /* Info.plist */ = {isa = PBXFileReference; lastKnownFileType = text.plist.xml; path = Info.plist; sourceTree = "<group>"; };
		165B8B5221B51A3600FE97EA /* AnimateDemosUITests.xctest */ = {isa = PBXFileReference; explicitFileType = wrapper.cfbundle; includeInIndex = 0; path = AnimateDemosUITests.xctest; sourceTree = BUILT_PRODUCTS_DIR; };
		165B8B5621B51A3600FE97EA /* AnimateDemosUITests.swift */ = {isa = PBXFileReference; lastKnownFileType = sourcecode.swift; path = AnimateDemosUITests.swift; sourceTree = "<group>"; };
		165B8B5821B51A3600FE97EA /* Info.plist */ = {isa = PBXFileReference; lastKnownFileType = text.plist.xml; path = Info.plist; sourceTree = "<group>"; };
		165B8B6521B528AF00FE97EA /* YSLoadingAnimation.swift */ = {isa = PBXFileReference; lastKnownFileType = sourcecode.swift; path = YSLoadingAnimation.swift; sourceTree = "<group>"; };
		165B8B6821B52CD800FE97EA /* YSLoading.swift */ = {isa = PBXFileReference; lastKnownFileType = sourcecode.swift; path = YSLoading.swift; sourceTree = "<group>"; };
/* End PBXFileReference section */

/* Begin PBXFrameworksBuildPhase section */
		165B8B3021B51A3500FE97EA /* Frameworks */ = {
			isa = PBXFrameworksBuildPhase;
			buildActionMask = 2147483647;
			files = (
			);
			runOnlyForDeploymentPostprocessing = 0;
		};
		165B8B4421B51A3600FE97EA /* Frameworks */ = {
			isa = PBXFrameworksBuildPhase;
			buildActionMask = 2147483647;
			files = (
			);
			runOnlyForDeploymentPostprocessing = 0;
		};
		165B8B4F21B51A3600FE97EA /* Frameworks */ = {
			isa = PBXFrameworksBuildPhase;
			buildActionMask = 2147483647;
			files = (
			);
			runOnlyForDeploymentPostprocessing = 0;
		};
/* End PBXFrameworksBuildPhase section */

/* Begin PBXGroup section */
		16066DDC21BA707400A201C5 /* Curve */ = {
			isa = PBXGroup;
			children = (
				16066DDD21BA707400A201C5 /* YSWaveText.swift */,
				16066DDE21BA707400A201C5 /* YSWaveView.swift */,
			);
			path = Curve;
			sourceTree = "<group>";
		};
		162FB29C21B6192300CCC593 /* Loading */ = {
			isa = PBXGroup;
			children = (
				165B8B6821B52CD800FE97EA /* YSLoading.swift */,
			);
			path = Loading;
			sourceTree = "<group>";
		};
		162FB29D21B6196100CCC593 /* Extension */ = {
			isa = PBXGroup;
			children = (
				162FB29E21B619C200CCC593 /* UIView.swift */,
			);
			path = Extension;
			sourceTree = "<group>";
		};
		16326B3221B76BFD002D35B1 /* Curve */ = {
			isa = PBXGroup;
			children = (
				16326B3721B7ADED002D35B1 /* YSWaveCurveController.swift */,
			);
			path = Curve;
			sourceTree = "<group>";
		};
		1632E61F21B93715005884B2 /* CheckButton */ = {
			isa = PBXGroup;
			children = (
				1632E62321B93798005884B2 /* YSCheckButton.swift */,
			);
			path = CheckButton;
			sourceTree = "<group>";
		};
		1632E62021B93740005884B2 /* CheckButton */ = {
			isa = PBXGroup;
			children = (
				1632E62121B93762005884B2 /* YSCheckButtonController.swift */,
			);
			path = CheckButton;
			sourceTree = "<group>";
		};
		163EC00E21C0A94700DD8775 /* ExplosionImages */ = {
			isa = PBXGroup;
			children = (
				163EC01121C0A95C00DD8775 /* explosion_1.png */,
				163EC01221C0A95C00DD8775 /* explosion_2.png */,
				163EC01021C0A95C00DD8775 /* explosion_3.png */,
				163EC00F21C0A95C00DD8775 /* explosion_4.png */,
				163EC01321C0A95C00DD8775 /* explosion_5.png */,
			);
			path = ExplosionImages;
			sourceTree = "<group>";
		};
		165401B421BE159000D46983 /* SpringAnimation */ = {
			isa = PBXGroup;
			children = (
				163EC00E21C0A94700DD8775 /* ExplosionImages */,
				165401B821BE166200D46983 /* YSSpringBall.swift */,
				165401BC21BE691100D46983 /* YSSpringTag.swift */,
			);
			path = SpringAnimation;
			sourceTree = "<group>";
		};
		165401B521BE15A800D46983 /* SpringAnimation */ = {
			isa = PBXGroup;
			children = (
				163062BA21BF9F4D003CC2C9 /* YSSpringAnimationController.swift */,
				165401B621BE15CD00D46983 /* YSTagAnimationController.swift */,
			);
			path = SpringAnimation;
			sourceTree = "<group>";
		};
		165B8B2A21B51A3500FE97EA = {
			isa = PBXGroup;
			children = (
				165B8B6721B52C6600FE97EA /* YSKit */,
				165B8B3521B51A3500FE97EA /* AnimateDemos */,
				165B8B4A21B51A3600FE97EA /* AnimateDemosTests */,
				165B8B5521B51A3600FE97EA /* AnimateDemosUITests */,
				165B8B3421B51A3500FE97EA /* Products */,
			);
			sourceTree = "<group>";
		};
		165B8B3421B51A3500FE97EA /* Products */ = {
			isa = PBXGroup;
			children = (
				165B8B3321B51A3500FE97EA /* AnimateDemos.app */,
				165B8B4721B51A3600FE97EA /* AnimateDemosTests.xctest */,
				165B8B5221B51A3600FE97EA /* AnimateDemosUITests.xctest */,
			);
			name = Products;
			sourceTree = "<group>";
		};
		165B8B3521B51A3500FE97EA /* AnimateDemos */ = {
			isa = PBXGroup;
			children = (
				165401B521BE15A800D46983 /* SpringAnimation */,
				1632E62021B93740005884B2 /* CheckButton */,
				16326B3221B76BFD002D35B1 /* Curve */,
				165B8B6421B5289A00FE97EA /* YSLoadingAnimation */,
				165B8B3621B51A3500FE97EA /* AppDelegate.swift */,
				165B8B3821B51A3500FE97EA /* ViewController.swift */,
				16326B2E21B76B96002D35B1 /* AnimateDemos-Bridging-Header.h */,
				165B8B3D21B51A3600FE97EA /* Assets.xcassets */,
				165B8B3F21B51A3600FE97EA /* LaunchScreen.storyboard */,
				165B8B4221B51A3600FE97EA /* Info.plist */,
			);
			path = AnimateDemos;
			sourceTree = "<group>";
		};
		165B8B4A21B51A3600FE97EA /* AnimateDemosTests */ = {
			isa = PBXGroup;
			children = (
				165B8B4B21B51A3600FE97EA /* AnimateDemosTests.swift */,
				165B8B4D21B51A3600FE97EA /* Info.plist */,
			);
			path = AnimateDemosTests;
			sourceTree = "<group>";
		};
		165B8B5521B51A3600FE97EA /* AnimateDemosUITests */ = {
			isa = PBXGroup;
			children = (
				165B8B5621B51A3600FE97EA /* AnimateDemosUITests.swift */,
				165B8B5821B51A3600FE97EA /* Info.plist */,
			);
			path = AnimateDemosUITests;
			sourceTree = "<group>";
		};
		165B8B6421B5289A00FE97EA /* YSLoadingAnimation */ = {
			isa = PBXGroup;
			children = (
				165B8B6521B528AF00FE97EA /* YSLoadingAnimation.swift */,
			);
			path = YSLoadingAnimation;
			sourceTree = "<group>";
		};
		165B8B6721B52C6600FE97EA /* YSKit */ = {
			isa = PBXGroup;
			children = (
				165401B421BE159000D46983 /* SpringAnimation */,
				16066DDC21BA707400A201C5 /* Curve */,
				1632E61F21B93715005884B2 /* CheckButton */,
				162FB29D21B6196100CCC593 /* Extension */,
				162FB29C21B6192300CCC593 /* Loading */,
			);
			path = YSKit;
			sourceTree = "<group>";
		};
/* End PBXGroup section */

/* Begin PBXNativeTarget section */
		165B8B3221B51A3500FE97EA /* AnimateDemos */ = {
			isa = PBXNativeTarget;
			buildConfigurationList = 165B8B5B21B51A3600FE97EA /* Build configuration list for PBXNativeTarget "AnimateDemos" */;
			buildPhases = (
				165B8B2F21B51A3500FE97EA /* Sources */,
				165B8B3021B51A3500FE97EA /* Frameworks */,
				165B8B3121B51A3500FE97EA /* Resources */,
			);
			buildRules = (
			);
			dependencies = (
			);
			name = AnimateDemos;
			productName = AnimateDemos;
			productReference = 165B8B3321B51A3500FE97EA /* AnimateDemos.app */;
			productType = "com.apple.product-type.application";
		};
		165B8B4621B51A3600FE97EA /* AnimateDemosTests */ = {
			isa = PBXNativeTarget;
			buildConfigurationList = 165B8B5E21B51A3600FE97EA /* Build configuration list for PBXNativeTarget "AnimateDemosTests" */;
			buildPhases = (
				165B8B4321B51A3600FE97EA /* Sources */,
				165B8B4421B51A3600FE97EA /* Frameworks */,
				165B8B4521B51A3600FE97EA /* Resources */,
			);
			buildRules = (
			);
			dependencies = (
				165B8B4921B51A3600FE97EA /* PBXTargetDependency */,
			);
			name = AnimateDemosTests;
			productName = AnimateDemosTests;
			productReference = 165B8B4721B51A3600FE97EA /* AnimateDemosTests.xctest */;
			productType = "com.apple.product-type.bundle.unit-test";
		};
		165B8B5121B51A3600FE97EA /* AnimateDemosUITests */ = {
			isa = PBXNativeTarget;
			buildConfigurationList = 165B8B6121B51A3600FE97EA /* Build configuration list for PBXNativeTarget "AnimateDemosUITests" */;
			buildPhases = (
				165B8B4E21B51A3600FE97EA /* Sources */,
				165B8B4F21B51A3600FE97EA /* Frameworks */,
				165B8B5021B51A3600FE97EA /* Resources */,
			);
			buildRules = (
			);
			dependencies = (
				165B8B5421B51A3600FE97EA /* PBXTargetDependency */,
			);
			name = AnimateDemosUITests;
			productName = AnimateDemosUITests;
			productReference = 165B8B5221B51A3600FE97EA /* AnimateDemosUITests.xctest */;
			productType = "com.apple.product-type.bundle.ui-testing";
		};
/* End PBXNativeTarget section */

/* Begin PBXProject section */
		165B8B2B21B51A3500FE97EA /* Project object */ = {
			isa = PBXProject;
			attributes = {
				LastSwiftUpdateCheck = 0940;
				LastUpgradeCheck = 0940;
				ORGANIZATIONNAME = melody;
				TargetAttributes = {
					165B8B3221B51A3500FE97EA = {
						CreatedOnToolsVersion = 9.4.1;
						LastSwiftMigration = 0940;
					};
					165B8B4621B51A3600FE97EA = {
						CreatedOnToolsVersion = 9.4.1;
						TestTargetID = 165B8B3221B51A3500FE97EA;
					};
					165B8B5121B51A3600FE97EA = {
						CreatedOnToolsVersion = 9.4.1;
						TestTargetID = 165B8B3221B51A3500FE97EA;
					};
				};
			};
			buildConfigurationList = 165B8B2E21B51A3500FE97EA /* Build configuration list for PBXProject "AnimateDemos" */;
			compatibilityVersion = "Xcode 9.3";
			developmentRegion = en;
			hasScannedForEncodings = 0;
			knownRegions = (
				en,
				Base,
			);
			mainGroup = 165B8B2A21B51A3500FE97EA;
			productRefGroup = 165B8B3421B51A3500FE97EA /* Products */;
			projectDirPath = "";
			projectRoot = "";
			targets = (
				165B8B3221B51A3500FE97EA /* AnimateDemos */,
				165B8B4621B51A3600FE97EA /* AnimateDemosTests */,
				165B8B5121B51A3600FE97EA /* AnimateDemosUITests */,
			);
		};
/* End PBXProject section */

/* Begin PBXResourcesBuildPhase section */
		165B8B3121B51A3500FE97EA /* Resources */ = {
			isa = PBXResourcesBuildPhase;
			buildActionMask = 2147483647;
			files = (
				165B8B4121B51A3600FE97EA /* LaunchScreen.storyboard in Resources */,
				163EC01821C0A95C00DD8775 /* explosion_5.png in Resources */,
				163EC01621C0A95C00DD8775 /* explosion_1.png in Resources */,
				165B8B3E21B51A3600FE97EA /* Assets.xcassets in Resources */,
				163EC01521C0A95C00DD8775 /* explosion_3.png in Resources */,
				163EC01421C0A95C00DD8775 /* explosion_4.png in Resources */,
				163EC01721C0A95C00DD8775 /* explosion_2.png in Resources */,
			);
			runOnlyForDeploymentPostprocessing = 0;
		};
		165B8B4521B51A3600FE97EA /* Resources */ = {
			isa = PBXResourcesBuildPhase;
			buildActionMask = 2147483647;
			files = (
			);
			runOnlyForDeploymentPostprocessing = 0;
		};
		165B8B5021B51A3600FE97EA /* Resources */ = {
			isa = PBXResourcesBuildPhase;
			buildActionMask = 2147483647;
			files = (
			);
			runOnlyForDeploymentPostprocessing = 0;
		};
/* End PBXResourcesBuildPhase section */

/* Begin PBXSourcesBuildPhase section */
		165B8B2F21B51A3500FE97EA /* Sources */ = {
			isa = PBXSourcesBuildPhase;
			buildActionMask = 2147483647;
			files = (
				162FB29F21B619C200CCC593 /* UIView.swift in Sources */,
				165B8B6921B52CD800FE97EA /* YSLoading.swift in Sources */,
				165B8B3921B51A3500FE97EA /* ViewController.swift in Sources */,
				163062BB21BF9F4D003CC2C9 /* YSSpringAnimationController.swift in Sources */,
				165401B921BE166200D46983 /* YSSpringBall.swift in Sources */,
				16066DE021BA707400A201C5 /* YSWaveView.swift in Sources */,
				165B8B3721B51A3500FE97EA /* AppDelegate.swift in Sources */,
				1632E62421B93798005884B2 /* YSCheckButton.swift in Sources */,
				1632E62221B93762005884B2 /* YSCheckButtonController.swift in Sources */,
				16066DDF21BA707400A201C5 /* YSWaveText.swift in Sources */,
				165401B721BE15CD00D46983 /* YSTagAnimationController.swift in Sources */,
				165B8B6621B528AF00FE97EA /* YSLoadingAnimation.swift in Sources */,
				16326B3821B7ADED002D35B1 /* YSWaveCurveController.swift in Sources */,
				165401BD21BE691100D46983 /* YSSpringTag.swift in Sources */,
			);
			runOnlyForDeploymentPostprocessing = 0;
		};
		165B8B4321B51A3600FE97EA /* Sources */ = {
			isa = PBXSourcesBuildPhase;
			buildActionMask = 2147483647;
			files = (
				165B8B4C21B51A3600FE97EA /* AnimateDemosTests.swift in Sources */,
			);
			runOnlyForDeploymentPostprocessing = 0;
		};
		165B8B4E21B51A3600FE97EA /* Sources */ = {
			isa = PBXSourcesBuildPhase;
			buildActionMask = 2147483647;
			files = (
				165B8B5721B51A3600FE97EA /* AnimateDemosUITests.swift in Sources */,
			);
			runOnlyForDeploymentPostprocessing = 0;
		};
/* End PBXSourcesBuildPhase section */

/* Begin PBXTargetDependency section */
		165B8B4921B51A3600FE97EA /* PBXTargetDependency */ = {
			isa = PBXTargetDependency;
			target = 165B8B3221B51A3500FE97EA /* AnimateDemos */;
			targetProxy = 165B8B4821B51A3600FE97EA /* PBXContainerItemProxy */;
		};
		165B8B5421B51A3600FE97EA /* PBXTargetDependency */ = {
			isa = PBXTargetDependency;
			target = 165B8B3221B51A3500FE97EA /* AnimateDemos */;
			targetProxy = 165B8B5321B51A3600FE97EA /* PBXContainerItemProxy */;
		};
/* End PBXTargetDependency section */

/* Begin PBXVariantGroup section */
		165B8B3F21B51A3600FE97EA /* LaunchScreen.storyboard */ = {
			isa = PBXVariantGroup;
			children = (
				165B8B4021B51A3600FE97EA /* Base */,
			);
			name = LaunchScreen.storyboard;
			sourceTree = "<group>";
		};
/* End PBXVariantGroup section */

/* Begin XCBuildConfiguration section */
		165B8B5921B51A3600FE97EA /* Debug */ = {
			isa = XCBuildConfiguration;
			buildSettings = {
				ALWAYS_SEARCH_USER_PATHS = NO;
				CLANG_ANALYZER_NONNULL = YES;
				CLANG_ANALYZER_NUMBER_OBJECT_CONVERSION = YES_AGGRESSIVE;
				CLANG_CXX_LANGUAGE_STANDARD = "gnu++14";
				CLANG_CXX_LIBRARY = "libc++";
				CLANG_ENABLE_MODULES = YES;
				CLANG_ENABLE_OBJC_ARC = YES;
				CLANG_ENABLE_OBJC_WEAK = YES;
				CLANG_WARN_BLOCK_CAPTURE_AUTORELEASING = YES;
				CLANG_WARN_BOOL_CONVERSION = YES;
				CLANG_WARN_COMMA = YES;
				CLANG_WARN_CONSTANT_CONVERSION = YES;
				CLANG_WARN_DEPRECATED_OBJC_IMPLEMENTATIONS = YES;
				CLANG_WARN_DIRECT_OBJC_ISA_USAGE = YES_ERROR;
				CLANG_WARN_DOCUMENTATION_COMMENTS = YES;
				CLANG_WARN_EMPTY_BODY = YES;
				CLANG_WARN_ENUM_CONVERSION = YES;
				CLANG_WARN_INFINITE_RECURSION = YES;
				CLANG_WARN_INT_CONVERSION = YES;
				CLANG_WARN_NON_LITERAL_NULL_CONVERSION = YES;
				CLANG_WARN_OBJC_IMPLICIT_RETAIN_SELF = YES;
				CLANG_WARN_OBJC_LITERAL_CONVERSION = YES;
				CLANG_WARN_OBJC_ROOT_CLASS = YES_ERROR;
				CLANG_WARN_RANGE_LOOP_ANALYSIS = YES;
				CLANG_WARN_STRICT_PROTOTYPES = YES;
				CLANG_WARN_SUSPICIOUS_MOVE = YES;
				CLANG_WARN_UNGUARDED_AVAILABILITY = YES_AGGRESSIVE;
				CLANG_WARN_UNREACHABLE_CODE = YES;
				CLANG_WARN__DUPLICATE_METHOD_MATCH = YES;
				CODE_SIGN_IDENTITY = "iPhone Developer";
				COPY_PHASE_STRIP = NO;
				DEBUG_INFORMATION_FORMAT = dwarf;
				ENABLE_STRICT_OBJC_MSGSEND = YES;
				ENABLE_TESTABILITY = YES;
				GCC_C_LANGUAGE_STANDARD = gnu11;
				GCC_DYNAMIC_NO_PIC = NO;
				GCC_NO_COMMON_BLOCKS = YES;
				GCC_OPTIMIZATION_LEVEL = 0;
				GCC_PREPROCESSOR_DEFINITIONS = (
					"DEBUG=1",
					"$(inherited)",
				);
				GCC_WARN_64_TO_32_BIT_CONVERSION = YES;
				GCC_WARN_ABOUT_RETURN_TYPE = YES_ERROR;
				GCC_WARN_UNDECLARED_SELECTOR = YES;
				GCC_WARN_UNINITIALIZED_AUTOS = YES_AGGRESSIVE;
				GCC_WARN_UNUSED_FUNCTION = YES;
				GCC_WARN_UNUSED_VARIABLE = YES;
				IPHONEOS_DEPLOYMENT_TARGET = 11.4;
				MTL_ENABLE_DEBUG_INFO = YES;
				ONLY_ACTIVE_ARCH = YES;
				SDKROOT = iphoneos;
				SWIFT_ACTIVE_COMPILATION_CONDITIONS = DEBUG;
				SWIFT_OPTIMIZATION_LEVEL = "-Onone";
			};
			name = Debug;
		};
		165B8B5A21B51A3600FE97EA /* Release */ = {
			isa = XCBuildConfiguration;
			buildSettings = {
				ALWAYS_SEARCH_USER_PATHS = NO;
				CLANG_ANALYZER_NONNULL = YES;
				CLANG_ANALYZER_NUMBER_OBJECT_CONVERSION = YES_AGGRESSIVE;
				CLANG_CXX_LANGUAGE_STANDARD = "gnu++14";
				CLANG_CXX_LIBRARY = "libc++";
				CLANG_ENABLE_MODULES = YES;
				CLANG_ENABLE_OBJC_ARC = YES;
				CLANG_ENABLE_OBJC_WEAK = YES;
				CLANG_WARN_BLOCK_CAPTURE_AUTORELEASING = YES;
				CLANG_WARN_BOOL_CONVERSION = YES;
				CLANG_WARN_COMMA = YES;
				CLANG_WARN_CONSTANT_CONVERSION = YES;
				CLANG_WARN_DEPRECATED_OBJC_IMPLEMENTATIONS = YES;
				CLANG_WARN_DIRECT_OBJC_ISA_USAGE = YES_ERROR;
				CLANG_WARN_DOCUMENTATION_COMMENTS = YES;
				CLANG_WARN_EMPTY_BODY = YES;
				CLANG_WARN_ENUM_CONVERSION = YES;
				CLANG_WARN_INFINITE_RECURSION = YES;
				CLANG_WARN_INT_CONVERSION = YES;
				CLANG_WARN_NON_LITERAL_NULL_CONVERSION = YES;
				CLANG_WARN_OBJC_IMPLICIT_RETAIN_SELF = YES;
				CLANG_WARN_OBJC_LITERAL_CONVERSION = YES;
				CLANG_WARN_OBJC_ROOT_CLASS = YES_ERROR;
				CLANG_WARN_RANGE_LOOP_ANALYSIS = YES;
				CLANG_WARN_STRICT_PROTOTYPES = YES;
				CLANG_WARN_SUSPICIOUS_MOVE = YES;
				CLANG_WARN_UNGUARDED_AVAILABILITY = YES_AGGRESSIVE;
				CLANG_WARN_UNREACHABLE_CODE = YES;
				CLANG_WARN__DUPLICATE_METHOD_MATCH = YES;
				CODE_SIGN_IDENTITY = "iPhone Developer";
				COPY_PHASE_STRIP = NO;
				DEBUG_INFORMATION_FORMAT = "dwarf-with-dsym";
				ENABLE_NS_ASSERTIONS = NO;
				ENABLE_STRICT_OBJC_MSGSEND = YES;
				GCC_C_LANGUAGE_STANDARD = gnu11;
				GCC_NO_COMMON_BLOCKS = YES;
				GCC_WARN_64_TO_32_BIT_CONVERSION = YES;
				GCC_WARN_ABOUT_RETURN_TYPE = YES_ERROR;
				GCC_WARN_UNDECLARED_SELECTOR = YES;
				GCC_WARN_UNINITIALIZED_AUTOS = YES_AGGRESSIVE;
				GCC_WARN_UNUSED_FUNCTION = YES;
				GCC_WARN_UNUSED_VARIABLE = YES;
				IPHONEOS_DEPLOYMENT_TARGET = 11.4;
				MTL_ENABLE_DEBUG_INFO = NO;
				SDKROOT = iphoneos;
				SWIFT_COMPILATION_MODE = wholemodule;
				SWIFT_OPTIMIZATION_LEVEL = "-O";
				VALIDATE_PRODUCT = YES;
			};
			name = Release;
		};
		165B8B5C21B51A3600FE97EA /* Debug */ = {
			isa = XCBuildConfiguration;
			buildSettings = {
				ASSETCATALOG_COMPILER_APPICON_NAME = AppIcon;
				CLANG_ENABLE_MODULES = YES;
				CODE_SIGN_IDENTITY = "iPhone Developer";
				CODE_SIGN_STYLE = Automatic;
				DEVELOPMENT_TEAM = TYZJMC52M6;
				INFOPLIST_FILE = AnimateDemos/Info.plist;
				IPHONEOS_DEPLOYMENT_TARGET = 9.0;
				LD_RUNPATH_SEARCH_PATHS = (
					"$(inherited)",
					"@executable_path/Frameworks",
				);
				PRODUCT_BUNDLE_IDENTIFIER = site.ysir.AnimateDemos;
				PRODUCT_NAME = "$(TARGET_NAME)";
				PROVISIONING_PROFILE_SPECIFIER = "";
				SWIFT_OBJC_BRIDGING_HEADER = "AnimateDemos/AnimateDemos-Bridging-Header.h";
				SWIFT_OPTIMIZATION_LEVEL = "-Onone";
				SWIFT_VERSION = 4.0;
				TARGETED_DEVICE_FAMILY = "1,2";
			};
			name = Debug;
		};
		165B8B5D21B51A3600FE97EA /* Release */ = {
			isa = XCBuildConfiguration;
			buildSettings = {
				ASSETCATALOG_COMPILER_APPICON_NAME = AppIcon;
				CLANG_ENABLE_MODULES = YES;
				CODE_SIGN_IDENTITY = "iPhone Developer";
				CODE_SIGN_STYLE = Automatic;
				DEVELOPMENT_TEAM = TYZJMC52M6;
				INFOPLIST_FILE = AnimateDemos/Info.plist;
				IPHONEOS_DEPLOYMENT_TARGET = 9.0;
				LD_RUNPATH_SEARCH_PATHS = (
					"$(inherited)",
					"@executable_path/Frameworks",
				);
				PRODUCT_BUNDLE_IDENTIFIER = site.ysir.AnimateDemos;
				PRODUCT_NAME = "$(TARGET_NAME)";
				PROVISIONING_PROFILE_SPECIFIER = "";
				SWIFT_OBJC_BRIDGING_HEADER = "AnimateDemos/AnimateDemos-Bridging-Header.h";
				SWIFT_VERSION = 4.0;
				TARGETED_DEVICE_FAMILY = "1,2";
			};
			name = Release;
		};
		165B8B5F21B51A3600FE97EA /* Debug */ = {
			isa = XCBuildConfiguration;
			buildSettings = {
				ALWAYS_EMBED_SWIFT_STANDARD_LIBRARIES = YES;
				BUNDLE_LOADER = "$(TEST_HOST)";
				CODE_SIGN_STYLE = Automatic;
				DEVELOPMENT_TEAM = L24QS32T7H;
				INFOPLIST_FILE = AnimateDemosTests/Info.plist;
				LD_RUNPATH_SEARCH_PATHS = (
					"$(inherited)",
					"@executable_path/Frameworks",
					"@loader_path/Frameworks",
				);
				PRODUCT_BUNDLE_IDENTIFIER = site.ysir.AnimateDemosTests;
				PRODUCT_NAME = "$(TARGET_NAME)";
				SWIFT_VERSION = 4.0;
				TARGETED_DEVICE_FAMILY = "1,2";
				TEST_HOST = "$(BUILT_PRODUCTS_DIR)/AnimateDemos.app/AnimateDemos";
			};
			name = Debug;
		};
		165B8B6021B51A3600FE97EA /* Release */ = {
			isa = XCBuildConfiguration;
			buildSettings = {
				ALWAYS_EMBED_SWIFT_STANDARD_LIBRARIES = YES;
				BUNDLE_LOADER = "$(TEST_HOST)";
				CODE_SIGN_STYLE = Automatic;
				DEVELOPMENT_TEAM = L24QS32T7H;
				INFOPLIST_FILE = AnimateDemosTests/Info.plist;
				LD_RUNPATH_SEARCH_PATHS = (
					"$(inherited)",
					"@executable_path/Frameworks",
					"@loader_path/Frameworks",
				);
				PRODUCT_BUNDLE_IDENTIFIER = site.ysir.AnimateDemosTests;
				PRODUCT_NAME = "$(TARGET_NAME)";
				SWIFT_VERSION = 4.0;
				TARGETED_DEVICE_FAMILY = "1,2";
				TEST_HOST = "$(BUILT_PRODUCTS_DIR)/AnimateDemos.app/AnimateDemos";
			};
			name = Release;
		};
		165B8B6221B51A3600FE97EA /* Debug */ = {
			isa = XCBuildConfiguration;
			buildSettings = {
				ALWAYS_EMBED_SWIFT_STANDARD_LIBRARIES = YES;
				CODE_SIGN_STYLE = Automatic;
				DEVELOPMENT_TEAM = L24QS32T7H;
				INFOPLIST_FILE = AnimateDemosUITests/Info.plist;
				LD_RUNPATH_SEARCH_PATHS = (
					"$(inherited)",
					"@executable_path/Frameworks",
					"@loader_path/Frameworks",
				);
				PRODUCT_BUNDLE_IDENTIFIER = site.ysir.AnimateDemosUITests;
				PRODUCT_NAME = "$(TARGET_NAME)";
				SWIFT_VERSION = 4.0;
				TARGETED_DEVICE_FAMILY = "1,2";
				TEST_TARGET_NAME = AnimateDemos;
			};
			name = Debug;
		};
		165B8B6321B51A3600FE97EA /* Release */ = {
			isa = XCBuildConfiguration;
			buildSettings = {
				ALWAYS_EMBED_SWIFT_STANDARD_LIBRARIES = YES;
				CODE_SIGN_STYLE = Automatic;
				DEVELOPMENT_TEAM = L24QS32T7H;
				INFOPLIST_FILE = AnimateDemosUITests/Info.plist;
				LD_RUNPATH_SEARCH_PATHS = (
					"$(inherited)",
					"@executable_path/Frameworks",
					"@loader_path/Frameworks",
				);
				PRODUCT_BUNDLE_IDENTIFIER = site.ysir.AnimateDemosUITests;
				PRODUCT_NAME = "$(TARGET_NAME)";
				SWIFT_VERSION = 4.0;
				TARGETED_DEVICE_FAMILY = "1,2";
				TEST_TARGET_NAME = AnimateDemos;
			};
			name = Release;
		};
/* End XCBuildConfiguration section */

/* Begin XCConfigurationList section */
		165B8B2E21B51A3500FE97EA /* Build configuration list for PBXProject "AnimateDemos" */ = {
			isa = XCConfigurationList;
			buildConfigurations = (
				165B8B5921B51A3600FE97EA /* Debug */,
				165B8B5A21B51A3600FE97EA /* Release */,
			);
			defaultConfigurationIsVisible = 0;
			defaultConfigurationName = Release;
		};
		165B8B5B21B51A3600FE97EA /* Build configuration list for PBXNativeTarget "AnimateDemos" */ = {
			isa = XCConfigurationList;
			buildConfigurations = (
				165B8B5C21B51A3600FE97EA /* Debug */,
				165B8B5D21B51A3600FE97EA /* Release */,
			);
			defaultConfigurationIsVisible = 0;
			defaultConfigurationName = Release;
		};
		165B8B5E21B51A3600FE97EA /* Build configuration list for PBXNativeTarget "AnimateDemosTests" */ = {
			isa = XCConfigurationList;
			buildConfigurations = (
				165B8B5F21B51A3600FE97EA /* Debug */,
				165B8B6021B51A3600FE97EA /* Release */,
			);
			defaultConfigurationIsVisible = 0;
			defaultConfigurationName = Release;
		};
		165B8B6121B51A3600FE97EA /* Build configuration list for PBXNativeTarget "AnimateDemosUITests" */ = {
			isa = XCConfigurationList;
			buildConfigurations = (
				165B8B6221B51A3600FE97EA /* Debug */,
				165B8B6321B51A3600FE97EA /* Release */,
			);
			defaultConfigurationIsVisible = 0;
			defaultConfigurationName = Release;
		};
/* End XCConfigurationList section */
	};
	rootObject = 165B8B2B21B51A3500FE97EA /* Project object */;
}
